
Microsoft Visual Studio Solution File, Format Version 12.00
# Visual Studio Version 16
VisualStudioVersion = 16.0.30128.74
MinimumVisualStudioVersion = 10.0.40219.1
Project("{9A19103F-16F7-4668-BE54-9A1E7A4F7556}") = "Application", "Application\Application.csproj", "{9640EB04-276E-4A8E-86A7-5B58B66470CE}"
EndProject
Global
	GlobalSection(SolutionConfigurationPlatforms) = preSolution
		Debug|Any CPU = Debug|Any CPU
		Release|Any CPU = Release|Any CPU
	EndGlobalSection
	GlobalSection(ProjectConfigurationPlatforms) = postSolution
		{9640EB04-276E-4A8E-86A7-5B58B66470CE}.Debug|Any CPU.ActiveCfg = Debug|Any CPU
		{9640EB04-276E-4A8E-86A7-5B58B66470CE}.Debug|Any CPU.Build.0 = Debug|Any CPU
		{9640EB04-276E-4A8E-86A7-5B58B66470CE}.Release|Any CPU.ActiveCfg = Release|Any CPU
		{9640EB04-276E-4A8E-86A7-5B58B66470CE}.Release|Any CPU.Build.0 = Release|Any CPU
	EndGlobalSection
	GlobalSection(SolutionProperties) = preSolution
		HideSolutionNode = FALSE
	EndGlobalSection
	GlobalSection(ExtensibilityGlobals) = postSolution
		SolutionGuid = {A2F19FBA-7AC4-4DE2-9311-A7A59EB2CE6F}
	EndGlobalSection
EndGlobal
